
Microsoft Visual Studio Solution File, Format Version 12.00
# Visual Studio 15
VisualStudioVersion = 15.0.28307.1401
MinimumVisualStudioVersion = 10.0.40219.1
Project("{FAE04EC0-301F-11D3-BF4B-00C04F79EFBC}") = "MyShop.Core", "MyShop.Core\MyShop.Core.csproj", "{163BF0CB-F653-4937-80D3-AEDE0B65C963}"
EndProject
Project("{FAE04EC0-301F-11D3-BF4B-00C04F79EFBC}") = "MyShop.Services", "MyShop.Services\MyShop.Services.csproj", "{822D3120-8A1F-4100-8BA0-C9B445A5B87B}"
EndProject
Project("{FAE04EC0-301F-11D3-BF4B-00C04F79EFBC}") = "MyShop.DataAccess.SQL", "MyShop.DataAccess.SQL\MyShop.DataAccess.SQL.csproj", "{029DDDC0-BE64-449D-878E-1CCC1DE6B1DA}"
EndProject
Project("{FAE04EC0-301F-11D3-BF4B-00C04F79EFBC}") = "MyShop.DataAccess.InMemory", "MyShop.DataAccess.InMemory\MyShop.DataAccess.InMemory.csproj", "{3CE50FAE-DDB1-4D27-ABA6-32B6B2E713C0}"
EndProject
Project("{FAE04EC0-301F-11D3-BF4B-00C04F79EFBC}") = "MyShop.WebUI", "MyShop.WebUI\MyShop.WebUI.csproj", "{BCB4BF33-FD99-4A6F-9A82-D6F99B9D9E2B}"
EndProject
Project("{FAE04EC0-301F-11D3-BF4B-00C04F79EFBC}") = "MyShop.WebUI.Tests", "MyShop.WebUI.Tests\MyShop.WebUI.Tests.csproj", "{01C3A4CE-2C29-4E7E-B9BA-B27B1C44401B}"
EndProject
Global
	GlobalSection(SolutionConfigurationPlatforms) = preSolution
		Debug|Any CPU = Debug|Any CPU
		Release|Any CPU = Release|Any CPU
	EndGlobalSection
	GlobalSection(ProjectConfigurationPlatforms) = postSolution
		{163BF0CB-F653-4937-80D3-AEDE0B65C963}.Debug|Any CPU.ActiveCfg = Debug|Any CPU
		{163BF0CB-F653-4937-80D3-AEDE0B65C963}.Debug|Any CPU.Build.0 = Debug|Any CPU
		{163BF0CB-F653-4937-80D3-AEDE0B65C963}.Release|Any CPU.ActiveCfg = Release|Any CPU
		{163BF0CB-F653-4937-80D3-AEDE0B65C963}.Release|Any CPU.Build.0 = Release|Any CPU
		{822D3120-8A1F-4100-8BA0-C9B445A5B87B}.Debug|Any CPU.ActiveCfg = Debug|Any CPU
		{822D3120-8A1F-4100-8BA0-C9B445A5B87B}.Debug|Any CPU.Build.0 = Debug|Any CPU
		{822D3120-8A1F-4100-8BA0-C9B445A5B87B}.Release|Any CPU.ActiveCfg = Release|Any CPU
		{822D3120-8A1F-4100-8BA0-C9B445A5B87B}.Release|Any CPU.Build.0 = Release|Any CPU
		{029DDDC0-BE64-449D-878E-1CCC1DE6B1DA}.Debug|Any CPU.ActiveCfg = Debug|Any CPU
		{029DDDC0-BE64-449D-878E-1CCC1DE6B1DA}.Debug|Any CPU.Build.0 = Debug|Any CPU
		{029DDDC0-BE64-449D-878E-1CCC1DE6B1DA}.Release|Any CPU.ActiveCfg = Release|Any CPU
		{029DDDC0-BE64-449D-878E-1CCC1DE6B1DA}.Release|Any CPU.Build.0 = Release|Any CPU
		{3CE50FAE-DDB1-4D27-ABA6-32B6B2E713C0}.Debug|Any CPU.ActiveCfg = Debug|Any CPU
		{3CE50FAE-DDB1-4D27-ABA6-32B6B2E713C0}.Debug|Any CPU.Build.0 = Debug|Any CPU
		{3CE50FAE-DDB1-4D27-ABA6-32B6B2E713C0}.Release|Any CPU.ActiveCfg = Release|Any CPU
		{3CE50FAE-DDB1-4D27-ABA6-32B6B2E713C0}.Release|Any CPU.Build.0 = Release|Any CPU
		{BCB4BF33-FD99-4A6F-9A82-D6F99B9D9E2B}.Debug|Any CPU.ActiveCfg = Debug|Any CPU
		{BCB4BF33-FD99-4A6F-9A82-D6F99B9D9E2B}.Debug|Any CPU.Build.0 = Debug|Any CPU
		{BCB4BF33-FD99-4A6F-9A82-D6F99B9D9E2B}.Release|Any CPU.ActiveCfg = Release|Any CPU
		{BCB4BF33-FD99-4A6F-9A82-D6F99B9D9E2B}.Release|Any CPU.Build.0 = Release|Any CPU
		{01C3A4CE-2C29-4E7E-B9BA-B27B1C44401B}.Debug|Any CPU.ActiveCfg = Debug|Any CPU
		{01C3A4CE-2C29-4E7E-B9BA-B27B1C44401B}.Debug|Any CPU.Build.0 = Debug|Any CPU
		{01C3A4CE-2C29-4E7E-B9BA-B27B1C44401B}.Release|Any CPU.ActiveCfg = Release|Any CPU
		{01C3A4CE-2C29-4E7E-B9BA-B27B1C44401B}.Release|Any CPU.Build.0 = Release|Any CPU
	EndGlobalSection
	GlobalSection(SolutionProperties) = preSolution
		HideSolutionNode = FALSE
	EndGlobalSection
	GlobalSection(ExtensibilityGlobals) = postSolution
		SolutionGuid = {E8656F9C-8132-4C22-99C0-C698B9DFA4B2}
	EndGlobalSection
EndGlobal
